
Microsoft Visual Studio Solution File, Format Version 12.00
# Visual Studio Version 17
VisualStudioVersion = 17.14.36408.4 d17.14
MinimumVisualStudioVersion = 10.0.40219.1
Project("{FAE04EC0-301F-11D3-BF4B-00C04F79EFBC}") = "SolarForge", "SolarForge\SolarForge.csproj", "{99992C03-94B9-49D1-BE04-8A07A54A68B0}"
EndProject
Global
	GlobalSection(SolutionConfigurationPlatforms) = preSolution
		Debug|Any CPU = Debug|Any CPU
		Debug|Mixed Platforms = Debug|Mixed Platforms
		Debug|x64 = Debug|x64
		Release|Any CPU = Release|Any CPU
		Release|Mixed Platforms = Release|Mixed Platforms
		Release|x64 = Release|x64
	EndGlobalSection
	GlobalSection(ProjectConfigurationPlatforms) = postSolution
		{99992C03-94B9-49D1-BE04-8A07A54A68B0}.Debug|Any CPU.ActiveCfg = Debug|x64
		{99992C03-94B9-49D1-BE04-8A07A54A68B0}.Debug|Any CPU.Build.0 = Debug|x64
		{99992C03-94B9-49D1-BE04-8A07A54A68B0}.Debug|Mixed Platforms.ActiveCfg = Debug|x64
		{99992C03-94B9-49D1-BE04-8A07A54A68B0}.Debug|Mixed Platforms.Build.0 = Debug|x64
		{99992C03-94B9-49D1-BE04-8A07A54A68B0}.Debug|x64.ActiveCfg = Debug|x64
		{99992C03-94B9-49D1-BE04-8A07A54A68B0}.Debug|x64.Build.0 = Debug|x64
		{99992C03-94B9-49D1-BE04-8A07A54A68B0}.Release|Any CPU.ActiveCfg = Release|x64
		{99992C03-94B9-49D1-BE04-8A07A54A68B0}.Release|Any CPU.Build.0 = Release|x64
		{99992C03-94B9-49D1-BE04-8A07A54A68B0}.Release|Mixed Platforms.ActiveCfg = Release|x64
		{99992C03-94B9-49D1-BE04-8A07A54A68B0}.Release|Mixed Platforms.Build.0 = Release|x64
		{99992C03-94B9-49D1-BE04-8A07A54A68B0}.Release|x64.ActiveCfg = Release|x64
		{99992C03-94B9-49D1-BE04-8A07A54A68B0}.Release|x64.Build.0 = Release|x64
	EndGlobalSection
	GlobalSection(SolutionProperties) = preSolution
		HideSolutionNode = FALSE
	EndGlobalSection
	GlobalSection(ExtensibilityGlobals) = postSolution
		SolutionGuid = {37EA9BF4-744C-436C-9110-279A35C54668}
	EndGlobalSection
EndGlobal
